// !$*UTF8*$!
{
	archiveVersion = 1;
	classes = {
	};
	objectVersion = 46;
	objects = {

/* Begin PBXBuildFile section */
		5A3FFBD517DB5EB400C4386A /* MDDAnnotation.m in Sources */ = {isa = PBXBuildFile; fileRef = 5A3FFBD417DB5EB300C4386A /* MDDAnnotation.m */; };
		5A3FFBD717DBD9C600C4386A /* PlaceDetailViewController.xib in Resources */ = {isa = PBXBuildFile; fileRef = 5A3FFBD617DBD9C600C4386A /* PlaceDetailViewController.xib */; };
		5A3FFBDD17DBF9EE00C4386A /* gradient.png in Resources */ = {isa = PBXBuildFile; fileRef = 5A3FFBDC17DBF9EE00C4386A /* gradient.png */; };
		5A3FFBE017DC074A00C4386A /* icon.png in Resources */ = {isa = PBXBuildFile; fileRef = 5A3FFBDE17DC074A00C4386A /* icon.png */; };
		5A3FFBE117DC074A00C4386A /* icon@2x.png in Resources */ = {isa = PBXBuildFile; fileRef = 5A3FFBDF17DC074A00C4386A /* icon@2x.png */; };
		5A56FE3017DB1EB8002C0B50 /* UIKit.framework in Frameworks */ = {isa = PBXBuildFile; fileRef = 5A56FE2F17DB1EB8002C0B50 /* UIKit.framework */; };
		5A56FE3217DB1EB8002C0B50 /* Foundation.framework in Frameworks */ = {isa = PBXBuildFile; fileRef = 5A56FE3117DB1EB8002C0B50 /* Foundation.framework */; };
		5A56FE3417DB1EB8002C0B50 /* CoreGraphics.framework in Frameworks */ = {isa = PBXBuildFile; fileRef = 5A56FE3317DB1EB8002C0B50 /* CoreGraphics.framework */; };
		5A56FE3A17DB1EB8002C0B50 /* InfoPlist.strings in Resources */ = {isa = PBXBuildFile; fileRef = 5A56FE3817DB1EB8002C0B50 /* InfoPlist.strings */; };
		5A56FE3C17DB1EB8002C0B50 /* main.m in Sources */ = {isa = PBXBuildFile; fileRef = 5A56FE3B17DB1EB8002C0B50 /* main.m */; };
		5A56FE4017DB1EB8002C0B50 /* AppDelegate.m in Sources */ = {isa = PBXBuildFile; fileRef = 5A56FE3F17DB1EB8002C0B50 /* AppDelegate.m */; };
		5A56FE4217DB1EB9002C0B50 /* Default.png in Resources */ = {isa = PBXBuildFile; fileRef = 5A56FE4117DB1EB9002C0B50 /* Default.png */; };
		5A56FE4417DB1EB9002C0B50 /* Default@2x.png in Resources */ = {isa = PBXBuildFile; fileRef = 5A56FE4317DB1EB9002C0B50 /* Default@2x.png */; };
		5A56FE4617DB1EB9002C0B50 /* Default-568h@2x.png in Resources */ = {isa = PBXBuildFile; fileRef = 5A56FE4517DB1EB9002C0B50 /* Default-568h@2x.png */; };
		5A56FE5917DB1ECD002C0B50 /* CoreLocation.framework in Frameworks */ = {isa = PBXBuildFile; fileRef = 5A56FE5817DB1ECD002C0B50 /* CoreLocation.framework */; };
		5A56FE5B17DB1ED3002C0B50 /* Security.framework in Frameworks */ = {isa = PBXBuildFile; fileRef = 5A56FE5A17DB1ED3002C0B50 /* Security.framework */; };
		5A56FE5D17DB1ED9002C0B50 /* MapKit.framework in Frameworks */ = {isa = PBXBuildFile; fileRef = 5A56FE5C17DB1ED9002C0B50 /* MapKit.framework */; };
		5A56FE6217DB1EEE002C0B50 /* constant.m in Sources */ = {isa = PBXBuildFile; fileRef = 5A56FE5F17DB1EEE002C0B50 /* constant.m */; };
		5A56FE6317DB1EEE002C0B50 /* MDDAppAPIClient.m in Sources */ = {isa = PBXBuildFile; fileRef = 5A56FE6117DB1EEE002C0B50 /* MDDAppAPIClient.m */; };
		5A56FE7717DB1EFD002C0B50 /* AFHTTPClient.m in Sources */ = {isa = PBXBuildFile; fileRef = 5A56FE6517DB1EFD002C0B50 /* AFHTTPClient.m */; };
		5A56FE7817DB1EFD002C0B50 /* AFHTTPRequestOperation.m in Sources */ = {isa = PBXBuildFile; fileRef = 5A56FE6717DB1EFD002C0B50 /* AFHTTPRequestOperation.m */; };
		5A56FE7917DB1EFD002C0B50 /* AFImageRequestOperation.m in Sources */ = {isa = PBXBuildFile; fileRef = 5A56FE6917DB1EFD002C0B50 /* AFImageRequestOperation.m */; };
		5A56FE7A17DB1EFD002C0B50 /* AFJSONRequestOperation.m in Sources */ = {isa = PBXBuildFile; fileRef = 5A56FE6B17DB1EFD002C0B50 /* AFJSONRequestOperation.m */; };
		5A56FE7B17DB1EFD002C0B50 /* AFNetworkActivityIndicatorManager.m in Sources */ = {isa = PBXBuildFile; fileRef = 5A56FE6D17DB1EFD002C0B50 /* AFNetworkActivityIndicatorManager.m */; };
		5A56FE7C17DB1EFD002C0B50 /* AFPropertyListRequestOperation.m in Sources */ = {isa = PBXBuildFile; fileRef = 5A56FE7017DB1EFD002C0B50 /* AFPropertyListRequestOperation.m */; };
		5A56FE7D17DB1EFD002C0B50 /* AFURLConnectionOperation.m in Sources */ = {isa = PBXBuildFile; fileRef = 5A56FE7217DB1EFD002C0B50 /* AFURLConnectionOperation.m */; };
		5A56FE7E17DB1EFD002C0B50 /* AFXMLRequestOperation.m in Sources */ = {isa = PBXBuildFile; fileRef = 5A56FE7417DB1EFD002C0B50 /* AFXMLRequestOperation.m */; };
		5A56FE7F17DB1EFD002C0B50 /* UIImageView+AFNetworking.m in Sources */ = {isa = PBXBuildFile; fileRef = 5A56FE7617DB1EFD002C0B50 /* UIImageView+AFNetworking.m */; };
		5A56FE8417DB1F0D002C0B50 /* MDDFee.m in Sources */ = {isa = PBXBuildFile; fileRef = 5A56FE8117DB1F0D002C0B50 /* MDDFee.m */; };
		5A56FE8517DB1F0D002C0B50 /* MDDParkingSpot.m in Sources */ = {isa = PBXBuildFile; fileRef = 5A56FE8317DB1F0D002C0B50 /* MDDParkingSpot.m */; };
		5A56FE8717DB1F19002C0B50 /* places-get.json in Resources */ = {isa = PBXBuildFile; fileRef = 5A56FE8617DB1F19002C0B50 /* places-get.json */; };
		5A56FE9717DB1F28002C0B50 /* PlacesViewController.m in Sources */ = {isa = PBXBuildFile; fileRef = 5A56FE8917DB1F28002C0B50 /* PlacesViewController.m */; };
		5A56FE9817DB1F28002C0B50 /* PlacesViewController.xib in Resources */ = {isa = PBXBuildFile; fileRef = 5A56FE8A17DB1F28002C0B50 /* PlacesViewController.xib */; };
		5A56FE9917DB1F28002C0B50 /* MapsViewController.m in Sources */ = {isa = PBXBuildFile; fileRef = 5A56FE8C17DB1F28002C0B50 /* MapsViewController.m */; };
		5A56FE9A17DB1F28002C0B50 /* MapsViewController.xib in Resources */ = {isa = PBXBuildFile; fileRef = 5A56FE8D17DB1F28002C0B50 /* MapsViewController.xib */; };
		5A56FE9B17DB1F28002C0B50 /* PlaceDetailViewController.m in Sources */ = {isa = PBXBuildFile; fileRef = 5A56FE8F17DB1F28002C0B50 /* PlaceDetailViewController.m */; };
		5A56FE9F17DB1F28002C0B50 /* AddNewPlaceViewController.m in Sources */ = {isa = PBXBuildFile; fileRef = 5A56FE9517DB1F28002C0B50 /* AddNewPlaceViewController.m */; };
		5A56FEA017DB1F28002C0B50 /* AddNewPlaceViewController.xib in Resources */ = {isa = PBXBuildFile; fileRef = 5A56FE9617DB1F28002C0B50 /* AddNewPlaceViewController.xib */; };
		A1785E3717DB347B0044CC5A /* QuartzCore.framework in Frameworks */ = {isa = PBXBuildFile; fileRef = A1785E3617DB347B0044CC5A /* QuartzCore.framework */; };
		A1785E4217DB34A60044CC5A /* DDAnnotation.m in Sources */ = {isa = PBXBuildFile; fileRef = A1785E3917DB34A50044CC5A /* DDAnnotation.m */; settings = {COMPILER_FLAGS = "-fno-objc-arc"; }; };
		A1785E4317DB34A60044CC5A /* DDAnnotationView.m in Sources */ = {isa = PBXBuildFile; fileRef = A1785E3B17DB34A60044CC5A /* DDAnnotationView.m */; settings = {COMPILER_FLAGS = "-fno-objc-arc"; }; };
		A1785E4417DB34A60044CC5A /* Pin.png in Resources */ = {isa = PBXBuildFile; fileRef = A1785E3C17DB34A60044CC5A /* Pin.png */; };
		A1785E4517DB34A60044CC5A /* PinDown1.png in Resources */ = {isa = PBXBuildFile; fileRef = A1785E3D17DB34A60044CC5A /* PinDown1.png */; };
		A1785E4617DB34A60044CC5A /* PinDown2.png in Resources */ = {isa = PBXBuildFile; fileRef = A1785E3E17DB34A60044CC5A /* PinDown2.png */; };
		A1785E4717DB34A60044CC5A /* PinDown3.png in Resources */ = {isa = PBXBuildFile; fileRef = A1785E3F17DB34A60044CC5A /* PinDown3.png */; };
		A1785E4817DB34A60044CC5A /* PinFloating.png in Resources */ = {isa = PBXBuildFile; fileRef = A1785E4017DB34A60044CC5A /* PinFloating.png */; };
		A1785E4917DB34A60044CC5A /* PinShadow.png in Resources */ = {isa = PBXBuildFile; fileRef = A1785E4117DB34A60044CC5A /* PinShadow.png */; };
		A1785E4D17DB351D0044CC5A /* AddMarkerViewController.m in Sources */ = {isa = PBXBuildFile; fileRef = A1785E4B17DB351D0044CC5A /* AddMarkerViewController.m */; };
		A1785E4E17DB351D0044CC5A /* AddMarkerViewController.xib in Resources */ = {isa = PBXBuildFile; fileRef = A1785E4C17DB351D0044CC5A /* AddMarkerViewController.xib */; };
/* End PBXBuildFile section */

/* Begin PBXFileReference section */
		5A3FFBD317DB5EB300C4386A /* MDDAnnotation.h */ = {isa = PBXFileReference; fileEncoding = 4; lastKnownFileType = sourcecode.c.h; path = MDDAnnotation.h; sourceTree = "<group>"; };
		5A3FFBD417DB5EB300C4386A /* MDDAnnotation.m */ = {isa = PBXFileReference; fileEncoding = 4; lastKnownFileType = sourcecode.c.objc; path = MDDAnnotation.m; sourceTree = "<group>"; };
		5A3FFBD617DBD9C600C4386A /* PlaceDetailViewController.xib */ = {isa = PBXFileReference; fileEncoding = 4; lastKnownFileType = file.xib; path = PlaceDetailViewController.xib; sourceTree = "<group>"; };
		5A3FFBDC17DBF9EE00C4386A /* gradient.png */ = {isa = PBXFileReference; lastKnownFileType = image.png; path = gradient.png; sourceTree = "<group>"; };
		5A3FFBDE17DC074A00C4386A /* icon.png */ = {isa = PBXFileReference; lastKnownFileType = image.png; path = icon.png; sourceTree = "<group>"; };
		5A3FFBDF17DC074A00C4386A /* icon@2x.png */ = {isa = PBXFileReference; lastKnownFileType = image.png; path = "icon@2x.png"; sourceTree = "<group>"; };
		5A56FE2C17DB1EB8002C0B50 /* MDDParking.app */ = {isa = PBXFileReference; explicitFileType = wrapper.application; includeInIndex = 0; path = MDDParking.app; sourceTree = BUILT_PRODUCTS_DIR; };
		5A56FE2F17DB1EB8002C0B50 /* UIKit.framework */ = {isa = PBXFileReference; lastKnownFileType = wrapper.framework; name = UIKit.framework; path = System/Library/Frameworks/UIKit.framework; sourceTree = SDKROOT; };
		5A56FE3117DB1EB8002C0B50 /* Foundation.framework */ = {isa = PBXFileReference; lastKnownFileType = wrapper.framework; name = Foundation.framework; path = System/Library/Frameworks/Foundation.framework; sourceTree = SDKROOT; };
		5A56FE3317DB1EB8002C0B50 /* CoreGraphics.framework */ = {isa = PBXFileReference; lastKnownFileType = wrapper.framework; name = CoreGraphics.framework; path = System/Library/Frameworks/CoreGraphics.framework; sourceTree = SDKROOT; };
		5A56FE3717DB1EB8002C0B50 /* MDDParking-Info.plist */ = {isa = PBXFileReference; lastKnownFileType = text.plist.xml; path = "MDDParking-Info.plist"; sourceTree = "<group>"; };
		5A56FE3917DB1EB8002C0B50 /* en */ = {isa = PBXFileReference; lastKnownFileType = text.plist.strings; name = en; path = en.lproj/InfoPlist.strings; sourceTree = "<group>"; };
		5A56FE3B17DB1EB8002C0B50 /* main.m */ = {isa = PBXFileReference; lastKnownFileType = sourcecode.c.objc; path = main.m; sourceTree = "<group>"; };
		5A56FE3D17DB1EB8002C0B50 /* MDDParking-Prefix.pch */ = {isa = PBXFileReference; lastKnownFileType = sourcecode.c.h; path = "MDDParking-Prefix.pch"; sourceTree = "<group>"; };
		5A56FE3E17DB1EB8002C0B50 /* AppDelegate.h */ = {isa = PBXFileReference; lastKnownFileType = sourcecode.c.h; path = AppDelegate.h; sourceTree = "<group>"; };
		5A56FE3F17DB1EB8002C0B50 /* AppDelegate.m */ = {isa = PBXFileReference; lastKnownFileType = sourcecode.c.objc; path = AppDelegate.m; sourceTree = "<group>"; };
		5A56FE4117DB1EB9002C0B50 /* Default.png */ = {isa = PBXFileReference; lastKnownFileType = image.png; path = Default.png; sourceTree = "<group>"; };
		5A56FE4317DB1EB9002C0B50 /* Default@2x.png */ = {isa = PBXFileReference; lastKnownFileType = image.png; path = "Default@2x.png"; sourceTree = "<group>"; };
		5A56FE4517DB1EB9002C0B50 /* Default-568h@2x.png */ = {isa = PBXFileReference; lastKnownFileType = image.png; path = "Default-568h@2x.png"; sourceTree = "<group>"; };
		5A56FE5817DB1ECD002C0B50 /* CoreLocation.framework */ = {isa = PBXFileReference; lastKnownFileType = wrapper.framework; name = CoreLocation.framework; path = System/Library/Frameworks/CoreLocation.framework; sourceTree = SDKROOT; };
		5A56FE5A17DB1ED3002C0B50 /* Security.framework */ = {isa = PBXFileReference; lastKnownFileType = wrapper.framework; name = Security.framework; path = System/Library/Frameworks/Security.framework; sourceTree = SDKROOT; };
		5A56FE5C17DB1ED9002C0B50 /* MapKit.framework */ = {isa = PBXFileReference; lastKnownFileType = wrapper.framework; name = MapKit.framework; path = System/Library/Frameworks/MapKit.framework; sourceTree = SDKROOT; };
		5A56FE5E17DB1EEE002C0B50 /* constant.h */ = {isa = PBXFileReference; fileEncoding = 4; lastKnownFileType = sourcecode.c.h; path = constant.h; sourceTree = "<group>"; };
		5A56FE5F17DB1EEE002C0B50 /* constant.m */ = {isa = PBXFileReference; fileEncoding = 4; lastKnownFileType = sourcecode.c.objc; path = constant.m; sourceTree = "<group>"; };
		5A56FE6017DB1EEE002C0B50 /* MDDAppAPIClient.h */ = {isa = PBXFileReference; fileEncoding = 4; lastKnownFileType = sourcecode.c.h; path = MDDAppAPIClient.h; sourceTree = "<group>"; };
		5A56FE6117DB1EEE002C0B50 /* MDDAppAPIClient.m */ = {isa = PBXFileReference; fileEncoding = 4; lastKnownFileType = sourcecode.c.objc; path = MDDAppAPIClient.m; sourceTree = "<group>"; };
		5A56FE6417DB1EFD002C0B50 /* AFHTTPClient.h */ = {isa = PBXFileReference; fileEncoding = 4; lastKnownFileType = sourcecode.c.h; path = AFHTTPClient.h; sourceTree = "<group>"; };
		5A56FE6517DB1EFD002C0B50 /* AFHTTPClient.m */ = {isa = PBXFileReference; fileEncoding = 4; lastKnownFileType = sourcecode.c.objc; path = AFHTTPClient.m; sourceTree = "<group>"; };
		5A56FE6617DB1EFD002C0B50 /* AFHTTPRequestOperation.h */ = {isa = PBXFileReference; fileEncoding = 4; lastKnownFileType = sourcecode.c.h; path = AFHTTPRequestOperation.h; sourceTree = "<group>"; };
		5A56FE6717DB1EFD002C0B50 /* AFHTTPRequestOperation.m */ = {isa = PBXFileReference; fileEncoding = 4; lastKnownFileType = sourcecode.c.objc; path = AFHTTPRequestOperation.m; sourceTree = "<group>"; };
		5A56FE6817DB1EFD002C0B50 /* AFImageRequestOperation.h */ = {isa = PBXFileReference; fileEncoding = 4; lastKnownFileType = sourcecode.c.h; path = AFImageRequestOperation.h; sourceTree = "<group>"; };
		5A56FE6917DB1EFD002C0B50 /* AFImageRequestOperation.m */ = {isa = PBXFileReference; fileEncoding = 4; lastKnownFileType = sourcecode.c.objc; path = AFImageRequestOperation.m; sourceTree = "<group>"; };
		5A56FE6A17DB1EFD002C0B50 /* AFJSONRequestOperation.h */ = {isa = PBXFileReference; fileEncoding = 4; lastKnownFileType = sourcecode.c.h; path = AFJSONRequestOperation.h; sourceTree = "<group>"; };
		5A56FE6B17DB1EFD002C0B50 /* AFJSONRequestOperation.m */ = {isa = PBXFileReference; fileEncoding = 4; lastKnownFileType = sourcecode.c.objc; path = AFJSONRequestOperation.m; sourceTree = "<group>"; };
		5A56FE6C17DB1EFD002C0B50 /* AFNetworkActivityIndicatorManager.h */ = {isa = PBXFileReference; fileEncoding = 4; lastKnownFileType = sourcecode.c.h; path = AFNetworkActivityIndicatorManager.h; sourceTree = "<group>"; };
		5A56FE6D17DB1EFD002C0B50 /* AFNetworkActivityIndicatorManager.m */ = {isa = PBXFileReference; fileEncoding = 4; lastKnownFileType = sourcecode.c.objc; path = AFNetworkActivityIndicatorManager.m; sourceTree = "<group>"; };
		5A56FE6E17DB1EFD002C0B50 /* AFNetworking.h */ = {isa = PBXFileReference; fileEncoding = 4; lastKnownFileType = sourcecode.c.h; path = AFNetworking.h; sourceTree = "<group>"; };
		5A56FE6F17DB1EFD002C0B50 /* AFPropertyListRequestOperation.h */ = {isa = PBXFileReference; fileEncoding = 4; lastKnownFileType = sourcecode.c.h; path = AFPropertyListRequestOperation.h; sourceTree = "<group>"; };
		5A56FE7017DB1EFD002C0B50 /* AFPropertyListRequestOperation.m */ = {isa = PBXFileReference; fileEncoding = 4; lastKnownFileType = sourcecode.c.objc; path = AFPropertyListRequestOperation.m; sourceTree = "<group>"; };
		5A56FE7117DB1EFD002C0B50 /* AFURLConnectionOperation.h */ = {isa = PBXFileReference; fileEncoding = 4; lastKnownFileType = sourcecode.c.h; path = AFURLConnectionOperation.h; sourceTree = "<group>"; };
		5A56FE7217DB1EFD002C0B50 /* AFURLConnectionOperation.m */ = {isa = PBXFileReference; fileEncoding = 4; lastKnownFileType = sourcecode.c.objc; path = AFURLConnectionOperation.m; sourceTree = "<group>"; };
		5A56FE7317DB1EFD002C0B50 /* AFXMLRequestOperation.h */ = {isa = PBXFileReference; fileEncoding = 4; lastKnownFileType = sourcecode.c.h; path = AFXMLRequestOperation.h; sourceTree = "<group>"; };
		5A56FE7417DB1EFD002C0B50 /* AFXMLRequestOperation.m */ = {isa = PBXFileReference; fileEncoding = 4; lastKnownFileType = sourcecode.c.objc; path = AFXMLRequestOperation.m; sourceTree = "<group>"; };
		5A56FE7517DB1EFD002C0B50 /* UIImageView+AFNetworking.h */ = {isa = PBXFileReference; fileEncoding = 4; lastKnownFileType = sourcecode.c.h; path = "UIImageView+AFNetworking.h"; sourceTree = "<group>"; };
		5A56FE7617DB1EFD002C0B50 /* UIImageView+AFNetworking.m */ = {isa = PBXFileReference; fileEncoding = 4; lastKnownFileType = sourcecode.c.objc; path = "UIImageView+AFNetworking.m"; sourceTree = "<group>"; };
		5A56FE8017DB1F0D002C0B50 /* MDDFee.h */ = {isa = PBXFileReference; fileEncoding = 4; lastKnownFileType = sourcecode.c.h; path = MDDFee.h; sourceTree = "<group>"; };
		5A56FE8117DB1F0D002C0B50 /* MDDFee.m */ = {isa = PBXFileReference; fileEncoding = 4; lastKnownFileType = sourcecode.c.objc; path = MDDFee.m; sourceTree = "<group>"; };
		5A56FE8217DB1F0D002C0B50 /* MDDParkingSpot.h */ = {isa = PBXFileReference; fileEncoding = 4; lastKnownFileType = sourcecode.c.h; path = MDDParkingSpot.h; sourceTree = "<group>"; };
		5A56FE8317DB1F0D002C0B50 /* MDDParkingSpot.m */ = {isa = PBXFileReference; fileEncoding = 4; lastKnownFileType = sourcecode.c.objc; path = MDDParkingSpot.m; sourceTree = "<group>"; };
		5A56FE8617DB1F19002C0B50 /* places-get.json */ = {isa = PBXFileReference; fileEncoding = 4; lastKnownFileType = text.json; path = "places-get.json"; sourceTree = "<group>"; };
		5A56FE8817DB1F28002C0B50 /* PlacesViewController.h */ = {isa = PBXFileReference; fileEncoding = 4; lastKnownFileType = sourcecode.c.h; path = PlacesViewController.h; sourceTree = "<group>"; };
		5A56FE8917DB1F28002C0B50 /* PlacesViewController.m */ = {isa = PBXFileReference; fileEncoding = 4; lastKnownFileType = sourcecode.c.objc; path = PlacesViewController.m; sourceTree = "<group>"; };
		5A56FE8A17DB1F28002C0B50 /* PlacesViewController.xib */ = {isa = PBXFileReference; fileEncoding = 4; lastKnownFileType = file.xib; path = PlacesViewController.xib; sourceTree = "<group>"; };
		5A56FE8B17DB1F28002C0B50 /* MapsViewController.h */ = {isa = PBXFileReference; fileEncoding = 4; lastKnownFileType = sourcecode.c.h; path = MapsViewController.h; sourceTree = "<group>"; };
		5A56FE8C17DB1F28002C0B50 /* MapsViewController.m */ = {isa = PBXFileReference; fileEncoding = 4; lastKnownFileType = sourcecode.c.objc; path = MapsViewController.m; sourceTree = "<group>"; };
		5A56FE8D17DB1F28002C0B50 /* MapsViewController.xib */ = {isa = PBXFileReference; fileEncoding = 4; lastKnownFileType = file.xib; path = MapsViewController.xib; sourceTree = "<group>"; };
		5A56FE8E17DB1F28002C0B50 /* PlaceDetailViewController.h */ = {isa = PBXFileReference; fileEncoding = 4; lastKnownFileType = sourcecode.c.h; path = PlaceDetailViewController.h; sourceTree = "<group>"; };
		5A56FE8F17DB1F28002C0B50 /* PlaceDetailViewController.m */ = {isa = PBXFileReference; fileEncoding = 4; lastKnownFileType = sourcecode.c.objc; path = PlaceDetailViewController.m; sourceTree = "<group>"; };
		5A56FE9417DB1F28002C0B50 /* AddNewPlaceViewController.h */ = {isa = PBXFileReference; fileEncoding = 4; lastKnownFileType = sourcecode.c.h; path = AddNewPlaceViewController.h; sourceTree = "<group>"; };
		5A56FE9517DB1F28002C0B50 /* AddNewPlaceViewController.m */ = {isa = PBXFileReference; fileEncoding = 4; lastKnownFileType = sourcecode.c.objc; path = AddNewPlaceViewController.m; sourceTree = "<group>"; };
		5A56FE9617DB1F28002C0B50 /* AddNewPlaceViewController.xib */ = {isa = PBXFileReference; fileEncoding = 4; lastKnownFileType = file.xib; path = AddNewPlaceViewController.xib; sourceTree = "<group>"; };
		A1785E3617DB347B0044CC5A /* QuartzCore.framework */ = {isa = PBXFileReference; lastKnownFileType = wrapper.framework; name = QuartzCore.framework; path = System/Library/Frameworks/QuartzCore.framework; sourceTree = SDKROOT; };
		A1785E3817DB34A50044CC5A /* DDAnnotation.h */ = {isa = PBXFileReference; fileEncoding = 4; lastKnownFileType = sourcecode.c.h; path = DDAnnotation.h; sourceTree = "<group>"; };
		A1785E3917DB34A50044CC5A /* DDAnnotation.m */ = {isa = PBXFileReference; fileEncoding = 4; lastKnownFileType = sourcecode.c.objc; path = DDAnnotation.m; sourceTree = "<group>"; };
		A1785E3A17DB34A50044CC5A /* DDAnnotationView.h */ = {isa = PBXFileReference; fileEncoding = 4; lastKnownFileType = sourcecode.c.h; path = DDAnnotationView.h; sourceTree = "<group>"; };
		A1785E3B17DB34A60044CC5A /* DDAnnotationView.m */ = {isa = PBXFileReference; fileEncoding = 4; lastKnownFileType = sourcecode.c.objc; path = DDAnnotationView.m; sourceTree = "<group>"; };
		A1785E3C17DB34A60044CC5A /* Pin.png */ = {isa = PBXFileReference; lastKnownFileType = image.png; path = Pin.png; sourceTree = "<group>"; };
		A1785E3D17DB34A60044CC5A /* PinDown1.png */ = {isa = PBXFileReference; lastKnownFileType = image.png; path = PinDown1.png; sourceTree = "<group>"; };
		A1785E3E17DB34A60044CC5A /* PinDown2.png */ = {isa = PBXFileReference; lastKnownFileType = image.png; path = PinDown2.png; sourceTree = "<group>"; };
		A1785E3F17DB34A60044CC5A /* PinDown3.png */ = {isa = PBXFileReference; lastKnownFileType = image.png; path = PinDown3.png; sourceTree = "<group>"; };
		A1785E4017DB34A60044CC5A /* PinFloating.png */ = {isa = PBXFileReference; lastKnownFileType = image.png; path = PinFloating.png; sourceTree = "<group>"; };
		A1785E4117DB34A60044CC5A /* PinShadow.png */ = {isa = PBXFileReference; lastKnownFileType = image.png; path = PinShadow.png; sourceTree = "<group>"; };
		A1785E4A17DB351D0044CC5A /* AddMarkerViewController.h */ = {isa = PBXFileReference; fileEncoding = 4; lastKnownFileType = sourcecode.c.h; path = AddMarkerViewController.h; sourceTree = "<group>"; };
		A1785E4B17DB351D0044CC5A /* AddMarkerViewController.m */ = {isa = PBXFileReference; fileEncoding = 4; lastKnownFileType = sourcecode.c.objc; path = AddMarkerViewController.m; sourceTree = "<group>"; };
		A1785E4C17DB351D0044CC5A /* AddMarkerViewController.xib */ = {isa = PBXFileReference; fileEncoding = 4; lastKnownFileType = file.xib; path = AddMarkerViewController.xib; sourceTree = "<group>"; };
		A1785E5D17DB4FB20044CC5A /* AddingNewPlace.h */ = {isa = PBXFileReference; fileEncoding = 4; lastKnownFileType = sourcecode.c.h; path = AddingNewPlace.h; sourceTree = "<group>"; };
/* End PBXFileReference section */

/* Begin PBXFrameworksBuildPhase section */
		5A56FE2917DB1EB8002C0B50 /* Frameworks */ = {
			isa = PBXFrameworksBuildPhase;
			buildActionMask = 2147483647;
			files = (
				A1785E3717DB347B0044CC5A /* QuartzCore.framework in Frameworks */,
				5A56FE5D17DB1ED9002C0B50 /* MapKit.framework in Frameworks */,
				5A56FE5B17DB1ED3002C0B50 /* Security.framework in Frameworks */,
				5A56FE5917DB1ECD002C0B50 /* CoreLocation.framework in Frameworks */,
				5A56FE3017DB1EB8002C0B50 /* UIKit.framework in Frameworks */,
				5A56FE3217DB1EB8002C0B50 /* Foundation.framework in Frameworks */,
				5A56FE3417DB1EB8002C0B50 /* CoreGraphics.framework in Frameworks */,
			);
			runOnlyForDeploymentPostprocessing = 0;
		};
/* End PBXFrameworksBuildPhase section */

/* Begin PBXGroup section */
		5A3FFBCF17DB24B300C4386A /* AnnotationView */ = {
			isa = PBXGroup;
			children = (
				A1785E3817DB34A50044CC5A /* DDAnnotation.h */,
				A1785E3917DB34A50044CC5A /* DDAnnotation.m */,
				A1785E3A17DB34A50044CC5A /* DDAnnotationView.h */,
				A1785E3B17DB34A60044CC5A /* DDAnnotationView.m */,
				5A3FFBD317DB5EB300C4386A /* MDDAnnotation.h */,
				5A3FFBD417DB5EB300C4386A /* MDDAnnotation.m */,
				A1785E3C17DB34A60044CC5A /* Pin.png */,
				A1785E3D17DB34A60044CC5A /* PinDown1.png */,
				A1785E3E17DB34A60044CC5A /* PinDown2.png */,
				A1785E3F17DB34A60044CC5A /* PinDown3.png */,
				A1785E4017DB34A60044CC5A /* PinFloating.png */,
				A1785E4117DB34A60044CC5A /* PinShadow.png */,
			);
			name = AnnotationView;
			sourceTree = "<group>";
		};
		5A56FE2317DB1EB8002C0B50 = {
			isa = PBXGroup;
			children = (
				A1785E3617DB347B0044CC5A /* QuartzCore.framework */,
				5A56FE5C17DB1ED9002C0B50 /* MapKit.framework */,
				5A56FE5A17DB1ED3002C0B50 /* Security.framework */,
				5A56FE5817DB1ECD002C0B50 /* CoreLocation.framework */,
				5A56FE3517DB1EB8002C0B50 /* MDDParking */,
				5A56FE2E17DB1EB8002C0B50 /* Frameworks */,
				5A56FE2D17DB1EB8002C0B50 /* Products */,
			);
			sourceTree = "<group>";
		};
		5A56FE2D17DB1EB8002C0B50 /* Products */ = {
			isa = PBXGroup;
			children = (
				5A56FE2C17DB1EB8002C0B50 /* MDDParking.app */,
			);
			name = Products;
			sourceTree = "<group>";
		};
		5A56FE2E17DB1EB8002C0B50 /* Frameworks */ = {
			isa = PBXGroup;
			children = (
				5A56FE2F17DB1EB8002C0B50 /* UIKit.framework */,
				5A56FE3117DB1EB8002C0B50 /* Foundation.framework */,
				5A56FE3317DB1EB8002C0B50 /* CoreGraphics.framework */,
			);
			name = Frameworks;
			sourceTree = "<group>";
		};
		5A56FE3517DB1EB8002C0B50 /* MDDParking */ = {
			isa = PBXGroup;
			children = (
				5A3FFBCF17DB24B300C4386A /* AnnotationView */,
				5A56FEA117DB1F76002C0B50 /* global */,
				5A56FEA217DB1F8E002C0B50 /* AFNetworking */,
				5A56FEA317DB1FAB002C0B50 /* Model */,
				5A56FEA417DB1FBF002C0B50 /* Resources */,
				5A56FE3E17DB1EB8002C0B50 /* AppDelegate.h */,
				5A56FE3F17DB1EB8002C0B50 /* AppDelegate.m */,
				5A56FE8817DB1F28002C0B50 /* PlacesViewController.h */,
				5A56FE8917DB1F28002C0B50 /* PlacesViewController.m */,
				5A56FE8A17DB1F28002C0B50 /* PlacesViewController.xib */,
				5A56FE8B17DB1F28002C0B50 /* MapsViewController.h */,
				5A56FE8C17DB1F28002C0B50 /* MapsViewController.m */,
				5A56FE8D17DB1F28002C0B50 /* MapsViewController.xib */,
				5A56FE8E17DB1F28002C0B50 /* PlaceDetailViewController.h */,
				5A56FE8F17DB1F28002C0B50 /* PlaceDetailViewController.m */,
				5A3FFBD617DBD9C600C4386A /* PlaceDetailViewController.xib */,
				A1785E5D17DB4FB20044CC5A /* AddingNewPlace.h */,
				A1785E4A17DB351D0044CC5A /* AddMarkerViewController.h */,
				A1785E4B17DB351D0044CC5A /* AddMarkerViewController.m */,
				A1785E4C17DB351D0044CC5A /* AddMarkerViewController.xib */,
				5A56FE9417DB1F28002C0B50 /* AddNewPlaceViewController.h */,
				5A56FE9517DB1F28002C0B50 /* AddNewPlaceViewController.m */,
				5A56FE9617DB1F28002C0B50 /* AddNewPlaceViewController.xib */,
				5A56FE3617DB1EB8002C0B50 /* Supporting Files */,
			);
			path = MDDParking;
			sourceTree = "<group>";
		};
		5A56FE3617DB1EB8002C0B50 /* Supporting Files */ = {
			isa = PBXGroup;
			children = (
				5A56FE3717DB1EB8002C0B50 /* MDDParking-Info.plist */,
				5A56FE3817DB1EB8002C0B50 /* InfoPlist.strings */,
				5A56FE3B17DB1EB8002C0B50 /* main.m */,
				5A56FE3D17DB1EB8002C0B50 /* MDDParking-Prefix.pch */,
				5A56FE4117DB1EB9002C0B50 /* Default.png */,
				5A56FE4317DB1EB9002C0B50 /* Default@2x.png */,
				5A56FE4517DB1EB9002C0B50 /* Default-568h@2x.png */,
				5A3FFBDC17DBF9EE00C4386A /* gradient.png */,
				5A3FFBDE17DC074A00C4386A /* icon.png */,
				5A3FFBDF17DC074A00C4386A /* icon@2x.png */,
			);
			name = "Supporting Files";
			sourceTree = "<group>";
		};
		5A56FEA117DB1F76002C0B50 /* global */ = {
			isa = PBXGroup;
			children = (
				5A56FE5F17DB1EEE002C0B50 /* constant.m */,
				5A56FE5E17DB1EEE002C0B50 /* constant.h */,
				5A56FE6017DB1EEE002C0B50 /* MDDAppAPIClient.h */,
				5A56FE6117DB1EEE002C0B50 /* MDDAppAPIClient.m */,
			);
			name = global;
			sourceTree = "<group>";
		};
		5A56FEA217DB1F8E002C0B50 /* AFNetworking */ = {
			isa = PBXGroup;
			children = (
				5A56FE6417DB1EFD002C0B50 /* AFHTTPClient.h */,
				5A56FE6517DB1EFD002C0B50 /* AFHTTPClient.m */,
				5A56FE6617DB1EFD002C0B50 /* AFHTTPRequestOperation.h */,
				5A56FE6717DB1EFD002C0B50 /* AFHTTPRequestOperation.m */,
				5A56FE6817DB1EFD002C0B50 /* AFImageRequestOperation.h */,
				5A56FE6917DB1EFD002C0B50 /* AFImageRequestOperation.m */,
				5A56FE6A17DB1EFD002C0B50 /* AFJSONRequestOperation.h */,
				5A56FE6B17DB1EFD002C0B50 /* AFJSONRequestOperation.m */,
				5A56FE6C17DB1EFD002C0B50 /* AFNetworkActivityIndicatorManager.h */,
				5A56FE6D17DB1EFD002C0B50 /* AFNetworkActivityIndicatorManager.m */,
				5A56FE6E17DB1EFD002C0B50 /* AFNetworking.h */,
				5A56FE6F17DB1EFD002C0B50 /* AFPropertyListRequestOperation.h */,
				5A56FE7017DB1EFD002C0B50 /* AFPropertyListRequestOperation.m */,
				5A56FE7117DB1EFD002C0B50 /* AFURLConnectionOperation.h */,
				5A56FE7217DB1EFD002C0B50 /* AFURLConnectionOperation.m */,
				5A56FE7317DB1EFD002C0B50 /* AFXMLRequestOperation.h */,
				5A56FE7417DB1EFD002C0B50 /* AFXMLRequestOperation.m */,
				5A56FE7517DB1EFD002C0B50 /* UIImageView+AFNetworking.h */,
				5A56FE7617DB1EFD002C0B50 /* UIImageView+AFNetworking.m */,
			);
			name = AFNetworking;
			sourceTree = "<group>";
		};
		5A56FEA317DB1FAB002C0B50 /* Model */ = {
			isa = PBXGroup;
			children = (
				5A56FE8017DB1F0D002C0B50 /* MDDFee.h */,
				5A56FE8117DB1F0D002C0B50 /* MDDFee.m */,
				5A56FE8217DB1F0D002C0B50 /* MDDParkingSpot.h */,
				5A56FE8317DB1F0D002C0B50 /* MDDParkingSpot.m */,
			);
			name = Model;
			sourceTree = "<group>";
		};
		5A56FEA417DB1FBF002C0B50 /* Resources */ = {
			isa = PBXGroup;
			children = (
				5A56FE8617DB1F19002C0B50 /* places-get.json */,
			);
			name = Resources;
			sourceTree = "<group>";
		};
/* End PBXGroup section */

/* Begin PBXNativeTarget section */
		5A56FE2B17DB1EB8002C0B50 /* MDDParking */ = {
			isa = PBXNativeTarget;
			buildConfigurationList = 5A56FE5517DB1EB9002C0B50 /* Build configuration list for PBXNativeTarget "MDDParking" */;
			buildPhases = (
				5A56FE2817DB1EB8002C0B50 /* Sources */,
				5A56FE2917DB1EB8002C0B50 /* Frameworks */,
				5A56FE2A17DB1EB8002C0B50 /* Resources */,
			);
			buildRules = (
			);
			dependencies = (
			);
			name = MDDParking;
			productName = MDDParking;
			productReference = 5A56FE2C17DB1EB8002C0B50 /* MDDParking.app */;
			productType = "com.apple.product-type.application";
		};
/* End PBXNativeTarget section */

/* Begin PBXProject section */
		5A56FE2417DB1EB8002C0B50 /* Project object */ = {
			isa = PBXProject;
			attributes = {
				LastUpgradeCheck = 0460;
				ORGANIZATIONNAME = Xchanging;
			};
			buildConfigurationList = 5A56FE2717DB1EB8002C0B50 /* Build configuration list for PBXProject "MDDParking" */;
			compatibilityVersion = "Xcode 3.2";
			developmentRegion = English;
			hasScannedForEncodings = 0;
			knownRegions = (
				en,
			);
			mainGroup = 5A56FE2317DB1EB8002C0B50;
			productRefGroup = 5A56FE2D17DB1EB8002C0B50 /* Products */;
			projectDirPath = "";
			projectRoot = "";
			targets = (
				5A56FE2B17DB1EB8002C0B50 /* MDDParking */,
			);
		};
/* End PBXProject section */

/* Begin PBXResourcesBuildPhase section */
		5A56FE2A17DB1EB8002C0B50 /* Resources */ = {
			isa = PBXResourcesBuildPhase;
			buildActionMask = 2147483647;
			files = (
				5A56FE3A17DB1EB8002C0B50 /* InfoPlist.strings in Resources */,
				5A56FE4217DB1EB9002C0B50 /* Default.png in Resources */,
				5A56FE4417DB1EB9002C0B50 /* Default@2x.png in Resources */,
				5A56FE4617DB1EB9002C0B50 /* Default-568h@2x.png in Resources */,
				5A56FE8717DB1F19002C0B50 /* places-get.json in Resources */,
				5A56FE9817DB1F28002C0B50 /* PlacesViewController.xib in Resources */,
				5A56FE9A17DB1F28002C0B50 /* MapsViewController.xib in Resources */,
				5A56FEA017DB1F28002C0B50 /* AddNewPlaceViewController.xib in Resources */,
				A1785E4417DB34A60044CC5A /* Pin.png in Resources */,
				A1785E4517DB34A60044CC5A /* PinDown1.png in Resources */,
				A1785E4617DB34A60044CC5A /* PinDown2.png in Resources */,
				A1785E4717DB34A60044CC5A /* PinDown3.png in Resources */,
				A1785E4817DB34A60044CC5A /* PinFloating.png in Resources */,
				A1785E4917DB34A60044CC5A /* PinShadow.png in Resources */,
				A1785E4E17DB351D0044CC5A /* AddMarkerViewController.xib in Resources */,
				5A3FFBD717DBD9C600C4386A /* PlaceDetailViewController.xib in Resources */,
				5A3FFBDD17DBF9EE00C4386A /* gradient.png in Resources */,
				5A3FFBE017DC074A00C4386A /* icon.png in Resources */,
				5A3FFBE117DC074A00C4386A /* icon@2x.png in Resources */,
			);
			runOnlyForDeploymentPostprocessing = 0;
		};
/* End PBXResourcesBuildPhase section */

/* Begin PBXSourcesBuildPhase section */
		5A56FE2817DB1EB8002C0B50 /* Sources */ = {
			isa = PBXSourcesBuildPhase;
			buildActionMask = 2147483647;
			files = (
				5A56FE3C17DB1EB8002C0B50 /* main.m in Sources */,
				5A56FE4017DB1EB8002C0B50 /* AppDelegate.m in Sources */,
				5A56FE6217DB1EEE002C0B50 /* constant.m in Sources */,
				5A56FE6317DB1EEE002C0B50 /* MDDAppAPIClient.m in Sources */,
				5A56FE7717DB1EFD002C0B50 /* AFHTTPClient.m in Sources */,
				5A56FE7817DB1EFD002C0B50 /* AFHTTPRequestOperation.m in Sources */,
				5A56FE7917DB1EFD002C0B50 /* AFImageRequestOperation.m in Sources */,
				5A56FE7A17DB1EFD002C0B50 /* AFJSONRequestOperation.m in Sources */,
				5A56FE7B17DB1EFD002C0B50 /* AFNetworkActivityIndicatorManager.m in Sources */,
				5A56FE7C17DB1EFD002C0B50 /* AFPropertyListRequestOperation.m in Sources */,
				5A56FE7D17DB1EFD002C0B50 /* AFURLConnectionOperation.m in Sources */,
				5A56FE7E17DB1EFD002C0B50 /* AFXMLRequestOperation.m in Sources */,
				5A56FE7F17DB1EFD002C0B50 /* UIImageView+AFNetworking.m in Sources */,
				5A56FE8417DB1F0D002C0B50 /* MDDFee.m in Sources */,
				5A56FE8517DB1F0D002C0B50 /* MDDParkingSpot.m in Sources */,
				5A56FE9717DB1F28002C0B50 /* PlacesViewController.m in Sources */,
				5A56FE9917DB1F28002C0B50 /* MapsViewController.m in Sources */,
				5A56FE9B17DB1F28002C0B50 /* PlaceDetailViewController.m in Sources */,
				5A56FE9F17DB1F28002C0B50 /* AddNewPlaceViewController.m in Sources */,
				A1785E4217DB34A60044CC5A /* DDAnnotation.m in Sources */,
				A1785E4317DB34A60044CC5A /* DDAnnotationView.m in Sources */,
				A1785E4D17DB351D0044CC5A /* AddMarkerViewController.m in Sources */,
				5A3FFBD517DB5EB400C4386A /* MDDAnnotation.m in Sources */,
			);
			runOnlyForDeploymentPostprocessing = 0;
		};
/* End PBXSourcesBuildPhase section */

/* Begin PBXVariantGroup section */
		5A56FE3817DB1EB8002C0B50 /* InfoPlist.strings */ = {
			isa = PBXVariantGroup;
			children = (
				5A56FE3917DB1EB8002C0B50 /* en */,
			);
			name = InfoPlist.strings;
			sourceTree = "<group>";
		};
/* End PBXVariantGroup section */

/* Begin XCBuildConfiguration section */
		5A56FE5317DB1EB9002C0B50 /* Debug */ = {
			isa = XCBuildConfiguration;
			buildSettings = {
				ALWAYS_SEARCH_USER_PATHS = NO;
				CLANG_CXX_LANGUAGE_STANDARD = "gnu++0x";
				CLANG_CXX_LIBRARY = "libc++";
				CLANG_ENABLE_OBJC_ARC = YES;
				CLANG_WARN_CONSTANT_CONVERSION = YES;
				CLANG_WARN_EMPTY_BODY = YES;
				CLANG_WARN_ENUM_CONVERSION = YES;
				CLANG_WARN_INT_CONVERSION = YES;
				CLANG_WARN__DUPLICATE_METHOD_MATCH = YES;
				"CODE_SIGN_IDENTITY[sdk=iphoneos*]" = "iPhone Developer";
				COPY_PHASE_STRIP = NO;
				GCC_C_LANGUAGE_STANDARD = gnu99;
				GCC_DYNAMIC_NO_PIC = NO;
				GCC_OPTIMIZATION_LEVEL = 0;
				GCC_PREPROCESSOR_DEFINITIONS = (
					"DEBUG=1",
					"$(inherited)",
				);
				GCC_SYMBOLS_PRIVATE_EXTERN = NO;
				GCC_WARN_ABOUT_RETURN_TYPE = YES;
				GCC_WARN_UNINITIALIZED_AUTOS = YES;
				GCC_WARN_UNUSED_VARIABLE = YES;
				IPHONEOS_DEPLOYMENT_TARGET = 6.1;
				ONLY_ACTIVE_ARCH = YES;
				SDKROOT = iphoneos;
			};
			name = Debug;
		};
		5A56FE5417DB1EB9002C0B50 /* Release */ = {
			isa = XCBuildConfiguration;
			buildSettings = {
				ALWAYS_SEARCH_USER_PATHS = NO;
				CLANG_CXX_LANGUAGE_STANDARD = "gnu++0x";
				CLANG_CXX_LIBRARY = "libc++";
				CLANG_ENABLE_OBJC_ARC = YES;
				CLANG_WARN_CONSTANT_CONVERSION = YES;
				CLANG_WARN_EMPTY_BODY = YES;
				CLANG_WARN_ENUM_CONVERSION = YES;
				CLANG_WARN_INT_CONVERSION = YES;
				CLANG_WARN__DUPLICATE_METHOD_MATCH = YES;
				"CODE_SIGN_IDENTITY[sdk=iphoneos*]" = "iPhone Developer";
				COPY_PHASE_STRIP = YES;
				GCC_C_LANGUAGE_STANDARD = gnu99;
				GCC_WARN_ABOUT_RETURN_TYPE = YES;
				GCC_WARN_UNINITIALIZED_AUTOS = YES;
				GCC_WARN_UNUSED_VARIABLE = YES;
				IPHONEOS_DEPLOYMENT_TARGET = 6.1;
				OTHER_CFLAGS = "-DNS_BLOCK_ASSERTIONS=1";
				SDKROOT = iphoneos;
				VALIDATE_PRODUCT = YES;
			};
			name = Release;
		};
		5A56FE5617DB1EB9002C0B50 /* Debug */ = {
			isa = XCBuildConfiguration;
			buildSettings = {
				GCC_PRECOMPILE_PREFIX_HEADER = YES;
				GCC_PREFIX_HEADER = "MDDParking/MDDParking-Prefix.pch";
				INFOPLIST_FILE = "MDDParking/MDDParking-Info.plist";
				PRODUCT_NAME = "$(TARGET_NAME)";
				WRAPPER_EXTENSION = app;
			};
			name = Debug;
		};
		5A56FE5717DB1EB9002C0B50 /* Release */ = {
			isa = XCBuildConfiguration;
			buildSettings = {
				GCC_PRECOMPILE_PREFIX_HEADER = YES;
				GCC_PREFIX_HEADER = "MDDParking/MDDParking-Prefix.pch";
				INFOPLIST_FILE = "MDDParking/MDDParking-Info.plist";
				PRODUCT_NAME = "$(TARGET_NAME)";
				WRAPPER_EXTENSION = app;
			};
			name = Release;
		};
/* End XCBuildConfiguration section */

/* Begin XCConfigurationList section */
		5A56FE2717DB1EB8002C0B50 /* Build configuration list for PBXProject "MDDParking" */ = {
			isa = XCConfigurationList;
			buildConfigurations = (
				5A56FE5317DB1EB9002C0B50 /* Debug */,
				5A56FE5417DB1EB9002C0B50 /* Release */,
			);
			defaultConfigurationIsVisible = 0;
			defaultConfigurationName = Release;
		};
		5A56FE5517DB1EB9002C0B50 /* Build configuration list for PBXNativeTarget "MDDParking" */ = {
			isa = XCConfigurationList;
			buildConfigurations = (
				5A56FE5617DB1EB9002C0B50 /* Debug */,
				5A56FE5717DB1EB9002C0B50 /* Release */,
			);
			defaultConfigurationIsVisible = 0;
			defaultConfigurationName = Release;
		};
/* End XCConfigurationList section */
	};
	rootObject = 5A56FE2417DB1EB8002C0B50 /* Project object */;
}
